
Microsoft Visual Studio Solution File, Format Version 12.00
# Visual Studio Version 17
VisualStudioVersion = 17.5.002.0
MinimumVisualStudioVersion = 10.0.40219.1
Project("{9A19103F-16F7-4668-BE54-9A1E7A4F7556}") = "Conta-Bancaria", "Conta-Bancaria.csproj", "{FB7A21AB-210F-407E-83DF-0CD32F9D0928}"
EndProject
Global
	GlobalSection(SolutionConfigurationPlatforms) = preSolution
		Debug|Any CPU = Debug|Any CPU
		Release|Any CPU = Release|Any CPU
	EndGlobalSection
	GlobalSection(ProjectConfigurationPlatforms) = postSolution
		{FB7A21AB-210F-407E-83DF-0CD32F9D0928}.Debug|Any CPU.ActiveCfg = Debug|Any CPU
		{FB7A21AB-210F-407E-83DF-0CD32F9D0928}.Debug|Any CPU.Build.0 = Debug|Any CPU
		{FB7A21AB-210F-407E-83DF-0CD32F9D0928}.Release|Any CPU.ActiveCfg = Release|Any CPU
		{FB7A21AB-210F-407E-83DF-0CD32F9D0928}.Release|Any CPU.Build.0 = Release|Any CPU
	EndGlobalSection
	GlobalSection(SolutionProperties) = preSolution
		HideSolutionNode = FALSE
	EndGlobalSection
	GlobalSection(ExtensibilityGlobals) = postSolution
		SolutionGuid = {8FD8ACB3-A39A-4AAB-A547-D28F32FDC337}
	EndGlobalSection
EndGlobal
